// !$*UTF8*$!
{
	archiveVersion = 1;
	classes = {
	};
	objectVersion = 56;
	objects = {

/* Begin PBXBuildFile section */
		CE066C8A2BDAC0F600FB8FA3 /* OnboardingContainerViewController.swift in Sources */ = {isa = PBXBuildFile; fileRef = CE066C892BDAC0F600FB8FA3 /* OnboardingContainerViewController.swift */; };
		CE066C8C2BDACDC200FB8FA3 /* OnboardingViewController.swift in Sources */ = {isa = PBXBuildFile; fileRef = CE066C8B2BDACDC200FB8FA3 /* OnboardingViewController.swift */; };
		CE066C912BDB9F1100FB8FA3 /* APIService.swift in Sources */ = {isa = PBXBuildFile; fileRef = CE066C902BDB9F1100FB8FA3 /* APIService.swift */; };
		CE066C962BDBB01000FB8FA3 /* TestMocking.swift in Sources */ = {isa = PBXBuildFile; fileRef = CE066C952BDBB01000FB8FA3 /* TestMocking.swift */; };
		CE066CDB2BDC220100FB8FA3 /* DummyViewController.swift in Sources */ = {isa = PBXBuildFile; fileRef = CE066CDA2BDC220100FB8FA3 /* DummyViewController.swift */; };
		CE066CDD2BDC437D00FB8FA3 /* LocalState.swift in Sources */ = {isa = PBXBuildFile; fileRef = CE066CDC2BDC437D00FB8FA3 /* LocalState.swift */; };
		CE066CDF2BDC539400FB8FA3 /* UIViewController+Utils.swift in Sources */ = {isa = PBXBuildFile; fileRef = CE066CDE2BDC539400FB8FA3 /* UIViewController+Utils.swift */; };
		CE066CE12BDC542800FB8FA3 /* MainViewController.swift in Sources */ = {isa = PBXBuildFile; fileRef = CE066CE02BDC542800FB8FA3 /* MainViewController.swift */; };
		CE25B1B32BC7264D009C30E7 /* AppDelegate.swift in Sources */ = {isa = PBXBuildFile; fileRef = CE25B1B22BC7264D009C30E7 /* AppDelegate.swift */; };
		CE25B1B72BC7264D009C30E7 /* LoginViewController.swift in Sources */ = {isa = PBXBuildFile; fileRef = CE25B1B62BC7264D009C30E7 /* LoginViewController.swift */; };
		CE25B1BC2BC7264F009C30E7 /* Assets.xcassets in Resources */ = {isa = PBXBuildFile; fileRef = CE25B1BB2BC7264F009C30E7 /* Assets.xcassets */; };
		CE25B1BF2BC7264F009C30E7 /* Base in Resources */ = {isa = PBXBuildFile; fileRef = CE25B1BE2BC7264F009C30E7 /* Base */; };
		CE4723012BDD157B000D0DB4 /* AccountSummaryViewController.swift in Sources */ = {isa = PBXBuildFile; fileRef = CE4723002BDD157A000D0DB4 /* AccountSummaryViewController.swift */; };
		CE4723032BDD239E000D0DB4 /* AccountSummaryHeaderView.swift in Sources */ = {isa = PBXBuildFile; fileRef = CE4723022BDD239E000D0DB4 /* AccountSummaryHeaderView.swift */; };
		CE4723092BDD2444000D0DB4 /* AccountSummaryHeaderView.xib in Resources */ = {isa = PBXBuildFile; fileRef = CE4723082BDD2444000D0DB4 /* AccountSummaryHeaderView.xib */; };
		CE47230E2BDD38ED000D0DB4 /* AccountSummaryCell.swift in Sources */ = {isa = PBXBuildFile; fileRef = CE47230D2BDD38ED000D0DB4 /* AccountSummaryCell.swift */; };
		CE4833242BD9827E0002C6A6 /* LoginViewPresenter.swift in Sources */ = {isa = PBXBuildFile; fileRef = CE4833232BD9827E0002C6A6 /* LoginViewPresenter.swift */; };
		CE826D302BDD6ACA003DA75A /* AccountSummaryUIModel.swift in Sources */ = {isa = PBXBuildFile; fileRef = CE826D2F2BDD6ACA003DA75A /* AccountSummaryUIModel.swift */; };
		CE826D362BDD6E07003DA75A /* AccountSummaryPresenter.swift in Sources */ = {isa = PBXBuildFile; fileRef = CE826D352BDD6E07003DA75A /* AccountSummaryPresenter.swift */; };
		CE826D462BDD8393003DA75A /* AccountSummaryPresenterTests.swift in Sources */ = {isa = PBXBuildFile; fileRef = CE826D452BDD8393003DA75A /* AccountSummaryPresenterTests.swift */; };
		CE826D492BDD83E8003DA75A /* AccountSummaryViewControllerMock.swift in Sources */ = {isa = PBXBuildFile; fileRef = CE826D482BDD83E8003DA75A /* AccountSummaryViewControllerMock.swift */; };
		CE8BEFE32BD42A8600B20C75 /* LoginView.swift in Sources */ = {isa = PBXBuildFile; fileRef = CE8BEFE22BD42A8600B20C75 /* LoginView.swift */; };
/* End PBXBuildFile section */

/* Begin PBXContainerItemProxy section */
		CE826D3F2BDD832E003DA75A /* PBXContainerItemProxy */ = {
			isa = PBXContainerItemProxy;
			containerPortal = CE25B1A72BC7264D009C30E7 /* Project object */;
			proxyType = 1;
			remoteGlobalIDString = CE25B1AE2BC7264D009C30E7;
			remoteInfo = Bankey;
		};
/* End PBXContainerItemProxy section */

/* Begin PBXFileReference section */
		CE066C892BDAC0F600FB8FA3 /* OnboardingContainerViewController.swift */ = {isa = PBXFileReference; lastKnownFileType = sourcecode.swift; path = OnboardingContainerViewController.swift; sourceTree = "<group>"; };
		CE066C8B2BDACDC200FB8FA3 /* OnboardingViewController.swift */ = {isa = PBXFileReference; lastKnownFileType = sourcecode.swift; path = OnboardingViewController.swift; sourceTree = "<group>"; };
		CE066C902BDB9F1100FB8FA3 /* APIService.swift */ = {isa = PBXFileReference; lastKnownFileType = sourcecode.swift; path = APIService.swift; sourceTree = "<group>"; };
		CE066C952BDBB01000FB8FA3 /* TestMocking.swift */ = {isa = PBXFileReference; lastKnownFileType = sourcecode.swift; path = TestMocking.swift; sourceTree = "<group>"; };
		CE066CDA2BDC220100FB8FA3 /* DummyViewController.swift */ = {isa = PBXFileReference; lastKnownFileType = sourcecode.swift; path = DummyViewController.swift; sourceTree = "<group>"; };
		CE066CDC2BDC437D00FB8FA3 /* LocalState.swift */ = {isa = PBXFileReference; lastKnownFileType = sourcecode.swift; path = LocalState.swift; sourceTree = "<group>"; };
		CE066CDE2BDC539400FB8FA3 /* UIViewController+Utils.swift */ = {isa = PBXFileReference; lastKnownFileType = sourcecode.swift; path = "UIViewController+Utils.swift"; sourceTree = "<group>"; };
		CE066CE02BDC542800FB8FA3 /* MainViewController.swift */ = {isa = PBXFileReference; lastKnownFileType = sourcecode.swift; path = MainViewController.swift; sourceTree = "<group>"; };
		CE25B1AF2BC7264D009C30E7 /* Bankey.app */ = {isa = PBXFileReference; explicitFileType = wrapper.application; includeInIndex = 0; path = Bankey.app; sourceTree = BUILT_PRODUCTS_DIR; };
		CE25B1B22BC7264D009C30E7 /* AppDelegate.swift */ = {isa = PBXFileReference; lastKnownFileType = sourcecode.swift; path = AppDelegate.swift; sourceTree = "<group>"; };
		CE25B1B62BC7264D009C30E7 /* LoginViewController.swift */ = {isa = PBXFileReference; lastKnownFileType = sourcecode.swift; path = LoginViewController.swift; sourceTree = "<group>"; };
		CE25B1BB2BC7264F009C30E7 /* Assets.xcassets */ = {isa = PBXFileReference; lastKnownFileType = folder.assetcatalog; path = Assets.xcassets; sourceTree = "<group>"; };
		CE25B1BE2BC7264F009C30E7 /* Base */ = {isa = PBXFileReference; lastKnownFileType = file.storyboard; name = Base; path = Base.lproj/LaunchScreen.storyboard; sourceTree = "<group>"; };
		CE25B1C02BC7264F009C30E7 /* Info.plist */ = {isa = PBXFileReference; lastKnownFileType = text.plist.xml; path = Info.plist; sourceTree = "<group>"; };
		CE4723002BDD157A000D0DB4 /* AccountSummaryViewController.swift */ = {isa = PBXFileReference; lastKnownFileType = sourcecode.swift; path = AccountSummaryViewController.swift; sourceTree = "<group>"; };
		CE4723022BDD239E000D0DB4 /* AccountSummaryHeaderView.swift */ = {isa = PBXFileReference; lastKnownFileType = sourcecode.swift; path = AccountSummaryHeaderView.swift; sourceTree = "<group>"; };
		CE4723082BDD2444000D0DB4 /* AccountSummaryHeaderView.xib */ = {isa = PBXFileReference; lastKnownFileType = file.xib; path = AccountSummaryHeaderView.xib; sourceTree = "<group>"; };
		CE47230D2BDD38ED000D0DB4 /* AccountSummaryCell.swift */ = {isa = PBXFileReference; lastKnownFileType = sourcecode.swift; path = AccountSummaryCell.swift; sourceTree = "<group>"; };
		CE4833232BD9827E0002C6A6 /* LoginViewPresenter.swift */ = {isa = PBXFileReference; lastKnownFileType = sourcecode.swift; path = LoginViewPresenter.swift; sourceTree = "<group>"; };
		CE826D2F2BDD6ACA003DA75A /* AccountSummaryUIModel.swift */ = {isa = PBXFileReference; lastKnownFileType = sourcecode.swift; path = AccountSummaryUIModel.swift; sourceTree = "<group>"; };
		CE826D352BDD6E07003DA75A /* AccountSummaryPresenter.swift */ = {isa = PBXFileReference; lastKnownFileType = sourcecode.swift; path = AccountSummaryPresenter.swift; sourceTree = "<group>"; };
		CE826D3B2BDD832E003DA75A /* BankeyTests.xctest */ = {isa = PBXFileReference; explicitFileType = wrapper.cfbundle; includeInIndex = 0; path = BankeyTests.xctest; sourceTree = BUILT_PRODUCTS_DIR; };
		CE826D452BDD8393003DA75A /* AccountSummaryPresenterTests.swift */ = {isa = PBXFileReference; lastKnownFileType = sourcecode.swift; path = AccountSummaryPresenterTests.swift; sourceTree = "<group>"; };
		CE826D482BDD83E8003DA75A /* AccountSummaryViewControllerMock.swift */ = {isa = PBXFileReference; lastKnownFileType = sourcecode.swift; path = AccountSummaryViewControllerMock.swift; sourceTree = "<group>"; };
		CE8BEFE22BD42A8600B20C75 /* LoginView.swift */ = {isa = PBXFileReference; lastKnownFileType = sourcecode.swift; path = LoginView.swift; sourceTree = "<group>"; };
/* End PBXFileReference section */

/* Begin PBXFrameworksBuildPhase section */
		CE25B1AC2BC7264D009C30E7 /* Frameworks */ = {
			isa = PBXFrameworksBuildPhase;
			buildActionMask = 2147483647;
			files = (
			);
			runOnlyForDeploymentPostprocessing = 0;
		};
		CE826D382BDD832E003DA75A /* Frameworks */ = {
			isa = PBXFrameworksBuildPhase;
			buildActionMask = 2147483647;
			files = (
			);
			runOnlyForDeploymentPostprocessing = 0;
		};
/* End PBXFrameworksBuildPhase section */

/* Begin PBXGroup section */
		CE066C882BDAC0C100FB8FA3 /* Onboarding */ = {
			isa = PBXGroup;
			children = (
				CE066C892BDAC0F600FB8FA3 /* OnboardingContainerViewController.swift */,
				CE066C8B2BDACDC200FB8FA3 /* OnboardingViewController.swift */,
			);
			path = Onboarding;
			sourceTree = "<group>";
		};
		CE066C8E2BDB9EB700FB8FA3 /* Utils */ = {
			isa = PBXGroup;
			children = (
				CE066C942BDBAFED00FB8FA3 /* MockingViewModelTest */,
				CE066C8F2BDB9EC100FB8FA3 /* Networking */,
				CE066CDC2BDC437D00FB8FA3 /* LocalState.swift */,
				CE066CDE2BDC539400FB8FA3 /* UIViewController+Utils.swift */,
			);
			path = Utils;
			sourceTree = "<group>";
		};
		CE066C8F2BDB9EC100FB8FA3 /* Networking */ = {
			isa = PBXGroup;
			children = (
				CE066C902BDB9F1100FB8FA3 /* APIService.swift */,
			);
			path = Networking;
			sourceTree = "<group>";
		};
		CE066C942BDBAFED00FB8FA3 /* MockingViewModelTest */ = {
			isa = PBXGroup;
			children = (
				CE066C952BDBB01000FB8FA3 /* TestMocking.swift */,
			);
			path = MockingViewModelTest;
			sourceTree = "<group>";
		};
		CE25B1A62BC7264D009C30E7 = {
			isa = PBXGroup;
			children = (
				CE25B1B12BC7264D009C30E7 /* Bankey */,
				CE826D3C2BDD832E003DA75A /* BankeyTests */,
				CE25B1B02BC7264D009C30E7 /* Products */,
			);
			sourceTree = "<group>";
		};
		CE25B1B02BC7264D009C30E7 /* Products */ = {
			isa = PBXGroup;
			children = (
				CE25B1AF2BC7264D009C30E7 /* Bankey.app */,
				CE826D3B2BDD832E003DA75A /* BankeyTests.xctest */,
			);
			name = Products;
			sourceTree = "<group>";
		};
		CE25B1B12BC7264D009C30E7 /* Bankey */ = {
			isa = PBXGroup;
			children = (
				CE25B1B22BC7264D009C30E7 /* AppDelegate.swift */,
				CE066CE02BDC542800FB8FA3 /* MainViewController.swift */,
				CE8BEFE12BD42A5F00B20C75 /* Login */,
				CE066C882BDAC0C100FB8FA3 /* Onboarding */,
				CE4722FF2BDD1556000D0DB4 /* AccountSummary */,
				CE066C8E2BDB9EB700FB8FA3 /* Utils */,
				CE8BEFE02BD42A2A00B20C75 /* Files */,
			);
			path = Bankey;
			sourceTree = "<group>";
		};
		CE4722FF2BDD1556000D0DB4 /* AccountSummary */ = {
			isa = PBXGroup;
			children = (
				CE4723002BDD157A000D0DB4 /* AccountSummaryViewController.swift */,
				CE826D352BDD6E07003DA75A /* AccountSummaryPresenter.swift */,
				CE826D2F2BDD6ACA003DA75A /* AccountSummaryUIModel.swift */,
				CE47230A2BDD3819000D0DB4 /* AccountSummaryHeader */,
				CE47230C2BDD3841000D0DB4 /* AccountSummaryCells */,
			);
			path = AccountSummary;
			sourceTree = "<group>";
		};
		CE47230A2BDD3819000D0DB4 /* AccountSummaryHeader */ = {
			isa = PBXGroup;
			children = (
				CE4723022BDD239E000D0DB4 /* AccountSummaryHeaderView.swift */,
				CE4723082BDD2444000D0DB4 /* AccountSummaryHeaderView.xib */,
			);
			path = AccountSummaryHeader;
			sourceTree = "<group>";
		};
		CE47230C2BDD3841000D0DB4 /* AccountSummaryCells */ = {
			isa = PBXGroup;
			children = (
				CE47230D2BDD38ED000D0DB4 /* AccountSummaryCell.swift */,
			);
			path = AccountSummaryCells;
			sourceTree = "<group>";
		};
		CE826D3C2BDD832E003DA75A /* BankeyTests */ = {
			isa = PBXGroup;
			children = (
				CE826D442BDD8338003DA75A /* AccountSummaryTests */,
			);
			path = BankeyTests;
			sourceTree = "<group>";
		};
		CE826D442BDD8338003DA75A /* AccountSummaryTests */ = {
			isa = PBXGroup;
			children = (
				CE826D472BDD83C2003DA75A /* AccountSummaryMocks */,
				CE826D452BDD8393003DA75A /* AccountSummaryPresenterTests.swift */,
			);
			path = AccountSummaryTests;
			sourceTree = "<group>";
		};
		CE826D472BDD83C2003DA75A /* AccountSummaryMocks */ = {
			isa = PBXGroup;
			children = (
				CE826D482BDD83E8003DA75A /* AccountSummaryViewControllerMock.swift */,
			);
			path = AccountSummaryMocks;
			sourceTree = "<group>";
		};
		CE8BEFE02BD42A2A00B20C75 /* Files */ = {
			isa = PBXGroup;
			children = (
				CE25B1BB2BC7264F009C30E7 /* Assets.xcassets */,
				CE25B1BD2BC7264F009C30E7 /* LaunchScreen.storyboard */,
				CE25B1C02BC7264F009C30E7 /* Info.plist */,
			);
			name = Files;
			sourceTree = "<group>";
		};
		CE8BEFE12BD42A5F00B20C75 /* Login */ = {
			isa = PBXGroup;
			children = (
				CE25B1B62BC7264D009C30E7 /* LoginViewController.swift */,
				CE4833232BD9827E0002C6A6 /* LoginViewPresenter.swift */,
				CE8BEFE22BD42A8600B20C75 /* LoginView.swift */,
				CE066CDA2BDC220100FB8FA3 /* DummyViewController.swift */,
			);
			name = Login;
			sourceTree = "<group>";
		};
/* End PBXGroup section */

/* Begin PBXNativeTarget section */
		CE25B1AE2BC7264D009C30E7 /* Bankey */ = {
			isa = PBXNativeTarget;
			buildConfigurationList = CE25B1C32BC7264F009C30E7 /* Build configuration list for PBXNativeTarget "Bankey" */;
			buildPhases = (
				CE25B1AB2BC7264D009C30E7 /* Sources */,
				CE25B1AC2BC7264D009C30E7 /* Frameworks */,
				CE25B1AD2BC7264D009C30E7 /* Resources */,
			);
			buildRules = (
			);
			dependencies = (
			);
			name = Bankey;
			productName = Bankey;
			productReference = CE25B1AF2BC7264D009C30E7 /* Bankey.app */;
			productType = "com.apple.product-type.application";
		};
		CE826D3A2BDD832E003DA75A /* BankeyTests */ = {
			isa = PBXNativeTarget;
			buildConfigurationList = CE826D412BDD832E003DA75A /* Build configuration list for PBXNativeTarget "BankeyTests" */;
			buildPhases = (
				CE826D372BDD832E003DA75A /* Sources */,
				CE826D382BDD832E003DA75A /* Frameworks */,
				CE826D392BDD832E003DA75A /* Resources */,
			);
			buildRules = (
			);
			dependencies = (
				CE826D402BDD832E003DA75A /* PBXTargetDependency */,
			);
			name = BankeyTests;
			productName = BankeyTests;
			productReference = CE826D3B2BDD832E003DA75A /* BankeyTests.xctest */;
			productType = "com.apple.product-type.bundle.unit-test";
		};
/* End PBXNativeTarget section */

/* Begin PBXProject section */
		CE25B1A72BC7264D009C30E7 /* Project object */ = {
			isa = PBXProject;
			attributes = {
				BuildIndependentTargetsInParallel = 1;
				LastSwiftUpdateCheck = 1530;
				LastUpgradeCheck = 1530;
				TargetAttributes = {
					CE25B1AE2BC7264D009C30E7 = {
						CreatedOnToolsVersion = 15.3;
					};
					CE826D3A2BDD832E003DA75A = {
						CreatedOnToolsVersion = 15.3;
						LastSwiftMigration = 1530;
						TestTargetID = CE25B1AE2BC7264D009C30E7;
					};
				};
			};
			buildConfigurationList = CE25B1AA2BC7264D009C30E7 /* Build configuration list for PBXProject "Bankey" */;
			compatibilityVersion = "Xcode 14.0";
			developmentRegion = en;
			hasScannedForEncodings = 0;
			knownRegions = (
				en,
				Base,
			);
			mainGroup = CE25B1A62BC7264D009C30E7;
			productRefGroup = CE25B1B02BC7264D009C30E7 /* Products */;
			projectDirPath = "";
			projectRoot = "";
			targets = (
				CE25B1AE2BC7264D009C30E7 /* Bankey */,
				CE826D3A2BDD832E003DA75A /* BankeyTests */,
			);
		};
/* End PBXProject section */

/* Begin PBXResourcesBuildPhase section */
		CE25B1AD2BC7264D009C30E7 /* Resources */ = {
			isa = PBXResourcesBuildPhase;
			buildActionMask = 2147483647;
			files = (
				CE4723092BDD2444000D0DB4 /* AccountSummaryHeaderView.xib in Resources */,
				CE25B1BC2BC7264F009C30E7 /* Assets.xcassets in Resources */,
				CE25B1BF2BC7264F009C30E7 /* Base in Resources */,
			);
			runOnlyForDeploymentPostprocessing = 0;
		};
		CE826D392BDD832E003DA75A /* Resources */ = {
			isa = PBXResourcesBuildPhase;
			buildActionMask = 2147483647;
			files = (
			);
			runOnlyForDeploymentPostprocessing = 0;
		};
/* End PBXResourcesBuildPhase section */

/* Begin PBXSourcesBuildPhase section */
		CE25B1AB2BC7264D009C30E7 /* Sources */ = {
			isa = PBXSourcesBuildPhase;
			buildActionMask = 2147483647;
			files = (
				CE826D302BDD6ACA003DA75A /* AccountSummaryUIModel.swift in Sources */,
				CE8BEFE32BD42A8600B20C75 /* LoginView.swift in Sources */,
				CE066C912BDB9F1100FB8FA3 /* APIService.swift in Sources */,
				CE066C8C2BDACDC200FB8FA3 /* OnboardingViewController.swift in Sources */,
				CE066CE12BDC542800FB8FA3 /* MainViewController.swift in Sources */,
				CE4723012BDD157B000D0DB4 /* AccountSummaryViewController.swift in Sources */,
				CE066CDB2BDC220100FB8FA3 /* DummyViewController.swift in Sources */,
				CE47230E2BDD38ED000D0DB4 /* AccountSummaryCell.swift in Sources */,
				CE25B1B72BC7264D009C30E7 /* LoginViewController.swift in Sources */,
				CE066C962BDBB01000FB8FA3 /* TestMocking.swift in Sources */,
				CE066CDF2BDC539400FB8FA3 /* UIViewController+Utils.swift in Sources */,
				CE066CDD2BDC437D00FB8FA3 /* LocalState.swift in Sources */,
				CE4723032BDD239E000D0DB4 /* AccountSummaryHeaderView.swift in Sources */,
				CE25B1B32BC7264D009C30E7 /* AppDelegate.swift in Sources */,
				CE826D362BDD6E07003DA75A /* AccountSummaryPresenter.swift in Sources */,
				CE066C8A2BDAC0F600FB8FA3 /* OnboardingContainerViewController.swift in Sources */,
				CE4833242BD9827E0002C6A6 /* LoginViewPresenter.swift in Sources */,
			);
			runOnlyForDeploymentPostprocessing = 0;
		};
		CE826D372BDD832E003DA75A /* Sources */ = {
			isa = PBXSourcesBuildPhase;
			buildActionMask = 2147483647;
			files = (
				CE826D462BDD8393003DA75A /* AccountSummaryPresenterTests.swift in Sources */,
				CE826D492BDD83E8003DA75A /* AccountSummaryViewControllerMock.swift in Sources */,
			);
			runOnlyForDeploymentPostprocessing = 0;
		};
/* End PBXSourcesBuildPhase section */

/* Begin PBXTargetDependency section */
		CE826D402BDD832E003DA75A /* PBXTargetDependency */ = {
			isa = PBXTargetDependency;
			target = CE25B1AE2BC7264D009C30E7 /* Bankey */;
			targetProxy = CE826D3F2BDD832E003DA75A /* PBXContainerItemProxy */;
		};
/* End PBXTargetDependency section */

/* Begin PBXVariantGroup section */
		CE25B1BD2BC7264F009C30E7 /* LaunchScreen.storyboard */ = {
			isa = PBXVariantGroup;
			children = (
				CE25B1BE2BC7264F009C30E7 /* Base */,
			);
			name = LaunchScreen.storyboard;
			sourceTree = "<group>";
		};
/* End PBXVariantGroup section */

/* Begin XCBuildConfiguration section */
		CE25B1C12BC7264F009C30E7 /* Debug */ = {
			isa = XCBuildConfiguration;
			buildSettings = {
				ALWAYS_SEARCH_USER_PATHS = NO;
				ASSETCATALOG_COMPILER_GENERATE_SWIFT_ASSET_SYMBOL_EXTENSIONS = YES;
				CLANG_ANALYZER_NONNULL = YES;
				CLANG_ANALYZER_NUMBER_OBJECT_CONVERSION = YES_AGGRESSIVE;
				CLANG_CXX_LANGUAGE_STANDARD = "gnu++20";
				CLANG_ENABLE_MODULES = YES;
				CLANG_ENABLE_OBJC_ARC = YES;
				CLANG_ENABLE_OBJC_WEAK = YES;
				CLANG_WARN_BLOCK_CAPTURE_AUTORELEASING = YES;
				CLANG_WARN_BOOL_CONVERSION = YES;
				CLANG_WARN_COMMA = YES;
				CLANG_WARN_CONSTANT_CONVERSION = YES;
				CLANG_WARN_DEPRECATED_OBJC_IMPLEMENTATIONS = YES;
				CLANG_WARN_DIRECT_OBJC_ISA_USAGE = YES_ERROR;
				CLANG_WARN_DOCUMENTATION_COMMENTS = YES;
				CLANG_WARN_EMPTY_BODY = YES;
				CLANG_WARN_ENUM_CONVERSION = YES;
				CLANG_WARN_INFINITE_RECURSION = YES;
				CLANG_WARN_INT_CONVERSION = YES;
				CLANG_WARN_NON_LITERAL_NULL_CONVERSION = YES;
				CLANG_WARN_OBJC_IMPLICIT_RETAIN_SELF = YES;
				CLANG_WARN_OBJC_LITERAL_CONVERSION = YES;
				CLANG_WARN_OBJC_ROOT_CLASS = YES_ERROR;
				CLANG_WARN_QUOTED_INCLUDE_IN_FRAMEWORK_HEADER = YES;
				CLANG_WARN_RANGE_LOOP_ANALYSIS = YES;
				CLANG_WARN_STRICT_PROTOTYPES = YES;
				CLANG_WARN_SUSPICIOUS_MOVE = YES;
				CLANG_WARN_UNGUARDED_AVAILABILITY = YES_AGGRESSIVE;
				CLANG_WARN_UNREACHABLE_CODE = YES;
				CLANG_WARN__DUPLICATE_METHOD_MATCH = YES;
				COPY_PHASE_STRIP = NO;
				DEBUG_INFORMATION_FORMAT = dwarf;
				ENABLE_STRICT_OBJC_MSGSEND = YES;
				ENABLE_TESTABILITY = YES;
				ENABLE_USER_SCRIPT_SANDBOXING = YES;
				GCC_C_LANGUAGE_STANDARD = gnu17;
				GCC_DYNAMIC_NO_PIC = NO;
				GCC_NO_COMMON_BLOCKS = YES;
				GCC_OPTIMIZATION_LEVEL = 0;
				GCC_PREPROCESSOR_DEFINITIONS = (
					"DEBUG=1",
					"$(inherited)",
				);
				GCC_WARN_64_TO_32_BIT_CONVERSION = YES;
				GCC_WARN_ABOUT_RETURN_TYPE = YES_ERROR;
				GCC_WARN_UNDECLARED_SELECTOR = YES;
				GCC_WARN_UNINITIALIZED_AUTOS = YES_AGGRESSIVE;
				GCC_WARN_UNUSED_FUNCTION = YES;
				GCC_WARN_UNUSED_VARIABLE = YES;
				IPHONEOS_DEPLOYMENT_TARGET = 17.4;
				LOCALIZATION_PREFERS_STRING_CATALOGS = YES;
				MTL_ENABLE_DEBUG_INFO = INCLUDE_SOURCE;
				MTL_FAST_MATH = YES;
				ONLY_ACTIVE_ARCH = YES;
				SDKROOT = iphoneos;
				SWIFT_ACTIVE_COMPILATION_CONDITIONS = "DEBUG $(inherited)";
				SWIFT_OPTIMIZATION_LEVEL = "-Onone";
			};
			name = Debug;
		};
		CE25B1C22BC7264F009C30E7 /* Release */ = {
			isa = XCBuildConfiguration;
			buildSettings = {
				ALWAYS_SEARCH_USER_PATHS = NO;
				ASSETCATALOG_COMPILER_GENERATE_SWIFT_ASSET_SYMBOL_EXTENSIONS = YES;
				CLANG_ANALYZER_NONNULL = YES;
				CLANG_ANALYZER_NUMBER_OBJECT_CONVERSION = YES_AGGRESSIVE;
				CLANG_CXX_LANGUAGE_STANDARD = "gnu++20";
				CLANG_ENABLE_MODULES = YES;
				CLANG_ENABLE_OBJC_ARC = YES;
				CLANG_ENABLE_OBJC_WEAK = YES;
				CLANG_WARN_BLOCK_CAPTURE_AUTORELEASING = YES;
				CLANG_WARN_BOOL_CONVERSION = YES;
				CLANG_WARN_COMMA = YES;
				CLANG_WARN_CONSTANT_CONVERSION = YES;
				CLANG_WARN_DEPRECATED_OBJC_IMPLEMENTATIONS = YES;
				CLANG_WARN_DIRECT_OBJC_ISA_USAGE = YES_ERROR;
				CLANG_WARN_DOCUMENTATION_COMMENTS = YES;
				CLANG_WARN_EMPTY_BODY = YES;
				CLANG_WARN_ENUM_CONVERSION = YES;
				CLANG_WARN_INFINITE_RECURSION = YES;
				CLANG_WARN_INT_CONVERSION = YES;
				CLANG_WARN_NON_LITERAL_NULL_CONVERSION = YES;
				CLANG_WARN_OBJC_IMPLICIT_RETAIN_SELF = YES;
				CLANG_WARN_OBJC_LITERAL_CONVERSION = YES;
				CLANG_WARN_OBJC_ROOT_CLASS = YES_ERROR;
				CLANG_WARN_QUOTED_INCLUDE_IN_FRAMEWORK_HEADER = YES;
				CLANG_WARN_RANGE_LOOP_ANALYSIS = YES;
				CLANG_WARN_STRICT_PROTOTYPES = YES;
				CLANG_WARN_SUSPICIOUS_MOVE = YES;
				CLANG_WARN_UNGUARDED_AVAILABILITY = YES_AGGRESSIVE;
				CLANG_WARN_UNREACHABLE_CODE = YES;
				CLANG_WARN__DUPLICATE_METHOD_MATCH = YES;
				COPY_PHASE_STRIP = NO;
				DEBUG_INFORMATION_FORMAT = "dwarf-with-dsym";
				ENABLE_NS_ASSERTIONS = NO;
				ENABLE_STRICT_OBJC_MSGSEND = YES;
				ENABLE_USER_SCRIPT_SANDBOXING = YES;
				GCC_C_LANGUAGE_STANDARD = gnu17;
				GCC_NO_COMMON_BLOCKS = YES;
				GCC_WARN_64_TO_32_BIT_CONVERSION = YES;
				GCC_WARN_ABOUT_RETURN_TYPE = YES_ERROR;
				GCC_WARN_UNDECLARED_SELECTOR = YES;
				GCC_WARN_UNINITIALIZED_AUTOS = YES_AGGRESSIVE;
				GCC_WARN_UNUSED_FUNCTION = YES;
				GCC_WARN_UNUSED_VARIABLE = YES;
				IPHONEOS_DEPLOYMENT_TARGET = 17.4;
				LOCALIZATION_PREFERS_STRING_CATALOGS = YES;
				MTL_ENABLE_DEBUG_INFO = NO;
				MTL_FAST_MATH = YES;
				SDKROOT = iphoneos;
				SWIFT_COMPILATION_MODE = wholemodule;
				VALIDATE_PRODUCT = YES;
			};
			name = Release;
		};
		CE25B1C42BC7264F009C30E7 /* Debug */ = {
			isa = XCBuildConfiguration;
			buildSettings = {
				ASSETCATALOG_COMPILER_APPICON_NAME = AppIcon;
				ASSETCATALOG_COMPILER_GLOBAL_ACCENT_COLOR_NAME = AccentColor;
				CODE_SIGN_STYLE = Automatic;
				CURRENT_PROJECT_VERSION = 1;
				DEVELOPMENT_TEAM = QKJ4X4ZF22;
				GENERATE_INFOPLIST_FILE = YES;
				INFOPLIST_FILE = Bankey/Info.plist;
				INFOPLIST_KEY_UIApplicationSupportsIndirectInputEvents = YES;
				INFOPLIST_KEY_UILaunchStoryboardName = LaunchScreen;
				INFOPLIST_KEY_UISupportedInterfaceOrientations_iPad = "UIInterfaceOrientationPortrait UIInterfaceOrientationPortraitUpsideDown UIInterfaceOrientationLandscapeLeft UIInterfaceOrientationLandscapeRight";
				INFOPLIST_KEY_UISupportedInterfaceOrientations_iPhone = "UIInterfaceOrientationPortrait UIInterfaceOrientationLandscapeLeft UIInterfaceOrientationLandscapeRight";
				LD_RUNPATH_SEARCH_PATHS = (
					"$(inherited)",
					"@executable_path/Frameworks",
				);
				MARKETING_VERSION = 1.0;
				PRODUCT_BUNDLE_IDENTIFIER = "Nikos-Galinos.Bankey";
				PRODUCT_NAME = "$(TARGET_NAME)";
				SWIFT_EMIT_LOC_STRINGS = YES;
				SWIFT_VERSION = 5.0;
				TARGETED_DEVICE_FAMILY = "1,2";
			};
			name = Debug;
		};
		CE25B1C52BC7264F009C30E7 /* Release */ = {
			isa = XCBuildConfiguration;
			buildSettings = {
				ASSETCATALOG_COMPILER_APPICON_NAME = AppIcon;
				ASSETCATALOG_COMPILER_GLOBAL_ACCENT_COLOR_NAME = AccentColor;
				CODE_SIGN_STYLE = Automatic;
				CURRENT_PROJECT_VERSION = 1;
				DEVELOPMENT_TEAM = QKJ4X4ZF22;
				GENERATE_INFOPLIST_FILE = YES;
				INFOPLIST_FILE = Bankey/Info.plist;
				INFOPLIST_KEY_UIApplicationSupportsIndirectInputEvents = YES;
				INFOPLIST_KEY_UILaunchStoryboardName = LaunchScreen;
				INFOPLIST_KEY_UISupportedInterfaceOrientations_iPad = "UIInterfaceOrientationPortrait UIInterfaceOrientationPortraitUpsideDown UIInterfaceOrientationLandscapeLeft UIInterfaceOrientationLandscapeRight";
				INFOPLIST_KEY_UISupportedInterfaceOrientations_iPhone = "UIInterfaceOrientationPortrait UIInterfaceOrientationLandscapeLeft UIInterfaceOrientationLandscapeRight";
				LD_RUNPATH_SEARCH_PATHS = (
					"$(inherited)",
					"@executable_path/Frameworks",
				);
				MARKETING_VERSION = 1.0;
				PRODUCT_BUNDLE_IDENTIFIER = "Nikos-Galinos.Bankey";
				PRODUCT_NAME = "$(TARGET_NAME)";
				SWIFT_EMIT_LOC_STRINGS = YES;
				SWIFT_VERSION = 5.0;
				TARGETED_DEVICE_FAMILY = "1,2";
			};
			name = Release;
		};
		CE826D422BDD832E003DA75A /* Debug */ = {
			isa = XCBuildConfiguration;
			buildSettings = {
				BUNDLE_LOADER = "$(TEST_HOST)";
				CLANG_ENABLE_MODULES = YES;
				CODE_SIGN_STYLE = Automatic;
				CURRENT_PROJECT_VERSION = 1;
				DEVELOPMENT_TEAM = QKJ4X4ZF22;
				GENERATE_INFOPLIST_FILE = YES;
				MARKETING_VERSION = 1.0;
				PRODUCT_BUNDLE_IDENTIFIER = "Nikos-Galinos.BankeyTests";
				PRODUCT_NAME = "$(TARGET_NAME)";
				SWIFT_EMIT_LOC_STRINGS = NO;
				SWIFT_OPTIMIZATION_LEVEL = "-Onone";
				SWIFT_VERSION = 5.0;
				TARGETED_DEVICE_FAMILY = "1,2";
				TEST_HOST = "$(BUILT_PRODUCTS_DIR)/Bankey.app/$(BUNDLE_EXECUTABLE_FOLDER_PATH)/Bankey";
			};
			name = Debug;
		};
		CE826D432BDD832E003DA75A /* Release */ = {
			isa = XCBuildConfiguration;
			buildSettings = {
				BUNDLE_LOADER = "$(TEST_HOST)";
				CLANG_ENABLE_MODULES = YES;
				CODE_SIGN_STYLE = Automatic;
				CURRENT_PROJECT_VERSION = 1;
				DEVELOPMENT_TEAM = QKJ4X4ZF22;
				GENERATE_INFOPLIST_FILE = YES;
				MARKETING_VERSION = 1.0;
				PRODUCT_BUNDLE_IDENTIFIER = "Nikos-Galinos.BankeyTests";
				PRODUCT_NAME = "$(TARGET_NAME)";
				SWIFT_EMIT_LOC_STRINGS = NO;
				SWIFT_VERSION = 5.0;
				TARGETED_DEVICE_FAMILY = "1,2";
				TEST_HOST = "$(BUILT_PRODUCTS_DIR)/Bankey.app/$(BUNDLE_EXECUTABLE_FOLDER_PATH)/Bankey";
			};
			name = Release;
		};
/* End XCBuildConfiguration section */

/* Begin XCConfigurationList section */
		CE25B1AA2BC7264D009C30E7 /* Build configuration list for PBXProject "Bankey" */ = {
			isa = XCConfigurationList;
			buildConfigurations = (
				CE25B1C12BC7264F009C30E7 /* Debug */,
				CE25B1C22BC7264F009C30E7 /* Release */,
			);
			defaultConfigurationIsVisible = 0;
			defaultConfigurationName = Release;
		};
		CE25B1C32BC7264F009C30E7 /* Build configuration list for PBXNativeTarget "Bankey" */ = {
			isa = XCConfigurationList;
			buildConfigurations = (
				CE25B1C42BC7264F009C30E7 /* Debug */,
				CE25B1C52BC7264F009C30E7 /* Release */,
			);
			defaultConfigurationIsVisible = 0;
			defaultConfigurationName = Release;
		};
		CE826D412BDD832E003DA75A /* Build configuration list for PBXNativeTarget "BankeyTests" */ = {
			isa = XCConfigurationList;
			buildConfigurations = (
				CE826D422BDD832E003DA75A /* Debug */,
				CE826D432BDD832E003DA75A /* Release */,
			);
			defaultConfigurationIsVisible = 0;
			defaultConfigurationName = Release;
		};
/* End XCConfigurationList section */
	};
	rootObject = CE25B1A72BC7264D009C30E7 /* Project object */;
}
